// !$*UTF8*$!
{
	archiveVersion = 1;
	classes = {
	};
	objectVersion = 56;
	objects = {

/* Begin PBXBuildFile section */
		0B08250E2A57C05400B87CC0 /* AppHeaderViewModel.swift in Sources */ = {isa = PBXBuildFile; fileRef = 0B08250D2A57C05400B87CC0 /* AppHeaderViewModel.swift */; };
		0B0825102A57CEE400B87CC0 /* ContentViewModel.swift in Sources */ = {isa = PBXBuildFile; fileRef = 0B08250F2A57CEE400B87CC0 /* ContentViewModel.swift */; };
		0B0825122A57D7B500B87CC0 /* ModalView.swift in Sources */ = {isa = PBXBuildFile; fileRef = 0B0825112A57D7B500B87CC0 /* ModalView.swift */; };
		0B0825142A57DC5400B87CC0 /* CircularButtonViewModel.swift in Sources */ = {isa = PBXBuildFile; fileRef = 0B0825132A57DC5400B87CC0 /* CircularButtonViewModel.swift */; };
		0B0825162A57E26000B87CC0 /* ModalViewModal.swift in Sources */ = {isa = PBXBuildFile; fileRef = 0B0825152A57E26000B87CC0 /* ModalViewModal.swift */; };
		0B0825182A57E68C00B87CC0 /* GoalRowView.swift in Sources */ = {isa = PBXBuildFile; fileRef = 0B0825172A57E68C00B87CC0 /* GoalRowView.swift */; };
		0B08251A2A57FAA500B87CC0 /* PlanRowView.swift in Sources */ = {isa = PBXBuildFile; fileRef = 0B0825192A57FAA500B87CC0 /* PlanRowView.swift */; };
		0B43EC362A56A63100B84D7E /* EmptyStateView.swift in Sources */ = {isa = PBXBuildFile; fileRef = 0B43EC352A56A63100B84D7E /* EmptyStateView.swift */; };
		0B474ADF2A5D3A7D00113E27 /* CoreDataManager.swift in Sources */ = {isa = PBXBuildFile; fileRef = 0B474ADE2A5D3A7D00113E27 /* CoreDataManager.swift */; };
		0B474AE22A5D3B0900113E27 /* GoalListCoreDataViewModel.swift in Sources */ = {isa = PBXBuildFile; fileRef = 0B474AE12A5D3B0900113E27 /* GoalListCoreDataViewModel.swift */; };
		0B474AE42A5D3B3100113E27 /* UserListCoreDataViewModel.swift in Sources */ = {isa = PBXBuildFile; fileRef = 0B474AE32A5D3B3100113E27 /* UserListCoreDataViewModel.swift */; };
		0B474AE62A5D3B4A00113E27 /* PlanListCoreDataViewModel.swift in Sources */ = {isa = PBXBuildFile; fileRef = 0B474AE52A5D3B4A00113E27 /* PlanListCoreDataViewModel.swift */; };
		0B474AE82A5D3B5F00113E27 /* SubPlanListCoreDataViewModel.swift in Sources */ = {isa = PBXBuildFile; fileRef = 0B474AE72A5D3B5F00113E27 /* SubPlanListCoreDataViewModel.swift */; };
		0B474AEA2A5D3B7700113E27 /* ViewModel.swift in Sources */ = {isa = PBXBuildFile; fileRef = 0B474AE92A5D3B7700113E27 /* ViewModel.swift */; };
		0B474AEC2A5D48E700113E27 /* LoveListCoreDataViewModel.swift in Sources */ = {isa = PBXBuildFile; fileRef = 0B474AEB2A5D48E700113E27 /* LoveListCoreDataViewModel.swift */; };
		0B474AEE2A5D7B8300113E27 /* RoleModelStrengthListCoreDataViewModel.swift in Sources */ = {isa = PBXBuildFile; fileRef = 0B474AED2A5D7B8300113E27 /* RoleModelStrengthListCoreDataViewModel.swift */; };
		82441EE42A582B4E007EFD6E /* SimilarStrengthNo.swift in Sources */ = {isa = PBXBuildFile; fileRef = 82441ED12A582B4D007EFD6E /* SimilarStrengthNo.swift */; };
		82441EE52A582B4E007EFD6E /* SimilarStrengthYes.swift in Sources */ = {isa = PBXBuildFile; fileRef = 82441ED22A582B4D007EFD6E /* SimilarStrengthYes.swift */; };
		82441EE62A582B4E007EFD6E /* StrengthOut.swift in Sources */ = {isa = PBXBuildFile; fileRef = 82441ED32A582B4D007EFD6E /* StrengthOut.swift */; };
		82441EE72A582B4E007EFD6E /* ConfidentView.swift in Sources */ = {isa = PBXBuildFile; fileRef = 82441ED42A582B4D007EFD6E /* ConfidentView.swift */; };
		82441EE82A582B4E007EFD6E /* ObstaclesView.swift in Sources */ = {isa = PBXBuildFile; fileRef = 82441ED52A582B4D007EFD6E /* ObstaclesView.swift */; };
		82441EE92A582B4E007EFD6E /* AfterObstacleView.swift in Sources */ = {isa = PBXBuildFile; fileRef = 82441ED62A582B4D007EFD6E /* AfterObstacleView.swift */; };
		82441EEA2A582B4E007EFD6E /* InterestView.swift in Sources */ = {isa = PBXBuildFile; fileRef = 82441ED72A582B4D007EFD6E /* InterestView.swift */; };
		82441EEB2A582B4E007EFD6E /* QuestionView2.swift in Sources */ = {isa = PBXBuildFile; fileRef = 82441ED82A582B4D007EFD6E /* QuestionView2.swift */; };
		82441EEC2A582B4E007EFD6E /* AfterObstacle2View.swift in Sources */ = {isa = PBXBuildFile; fileRef = 82441ED92A582B4E007EFD6E /* AfterObstacle2View.swift */; };
		82441EED2A582B4E007EFD6E /* QuestionView1.swift in Sources */ = {isa = PBXBuildFile; fileRef = 82441EDA2A582B4E007EFD6E /* QuestionView1.swift */; };
		82441EEE2A582B4E007EFD6E /* RoleModelView.swift in Sources */ = {isa = PBXBuildFile; fileRef = 82441EDB2A582B4E007EFD6E /* RoleModelView.swift */; };
		82441EEF2A582B4E007EFD6E /* AfterQuestion1View.swift in Sources */ = {isa = PBXBuildFile; fileRef = 82441EDC2A582B4E007EFD6E /* AfterQuestion1View.swift */; };
		82441EF02A582B4E007EFD6E /* IntroView.swift in Sources */ = {isa = PBXBuildFile; fileRef = 82441EDD2A582B4E007EFD6E /* IntroView.swift */; };
		82441EF12A582B4E007EFD6E /* MyStrengthView.swift in Sources */ = {isa = PBXBuildFile; fileRef = 82441EDE2A582B4E007EFD6E /* MyStrengthView.swift */; };
		82441EF32A582B4E007EFD6E /* RoleModelSimilarStrengthView.swift in Sources */ = {isa = PBXBuildFile; fileRef = 82441EE02A582B4E007EFD6E /* RoleModelSimilarStrengthView.swift */; };
		82441EF42A582B4E007EFD6E /* InterestPromiseView.swift in Sources */ = {isa = PBXBuildFile; fileRef = 82441EE12A582B4E007EFD6E /* InterestPromiseView.swift */; };
		82441EF52A582B4E007EFD6E /* SetupProject.swift in Sources */ = {isa = PBXBuildFile; fileRef = 82441EE22A582B4E007EFD6E /* SetupProject.swift */; };
		82441EF62A582B4E007EFD6E /* InterestSelectedView.swift in Sources */ = {isa = PBXBuildFile; fileRef = 82441EE32A582B4E007EFD6E /* InterestSelectedView.swift */; };
		8247BDDB2A5DCF3D000C8FCB /* SecondaryButton.swift in Sources */ = {isa = PBXBuildFile; fileRef = 8247BDDA2A5DCF3D000C8FCB /* SecondaryButton.swift */; };
		826814E12A4EF3EC00B9F57A /* loume.xcdatamodeld in Sources */ = {isa = PBXBuildFile; fileRef = 826814C22A4EF3EC00B9F57A /* loume.xcdatamodeld */; };
		826814E22A4EF3EC00B9F57A /* StoryBoardViewModel.swift in Sources */ = {isa = PBXBuildFile; fileRef = 826814C52A4EF3EC00B9F57A /* StoryBoardViewModel.swift */; };
		826814E42A4EF3EC00B9F57A /* Assets.xcassets in Resources */ = {isa = PBXBuildFile; fileRef = 826814C72A4EF3EC00B9F57A /* Assets.xcassets */; };
		826814E62A4EF3EC00B9F57A /* SoundManager.swift in Sources */ = {isa = PBXBuildFile; fileRef = 826814CA2A4EF3EC00B9F57A /* SoundManager.swift */; };
		826814EA2A4EF3EC00B9F57A /* Preview Assets.xcassets in Resources */ = {isa = PBXBuildFile; fileRef = 826814CF2A4EF3EC00B9F57A /* Preview Assets.xcassets */; };
		826814EB2A4EF3EC00B9F57A /* loumeApp.swift in Sources */ = {isa = PBXBuildFile; fileRef = 826814D02A4EF3EC00B9F57A /* loumeApp.swift */; };
		826814EC2A4EF3EC00B9F57A /* AppHeader.swift in Sources */ = {isa = PBXBuildFile; fileRef = 826814D22A4EF3EC00B9F57A /* AppHeader.swift */; };
		826814ED2A4EF3EC00B9F57A /* PrimaryButton.swift in Sources */ = {isa = PBXBuildFile; fileRef = 826814D42A4EF3EC00B9F57A /* PrimaryButton.swift */; };
		826814EE2A4EF3EC00B9F57A /* CreateButton.swift in Sources */ = {isa = PBXBuildFile; fileRef = 826814D52A4EF3EC00B9F57A /* CreateButton.swift */; };
		826814F02A4EF3EC00B9F57A /* GoalView.swift in Sources */ = {isa = PBXBuildFile; fileRef = 826814D82A4EF3EC00B9F57A /* GoalView.swift */; };
		826814F12A4EF3EC00B9F57A /* PlanView.swift in Sources */ = {isa = PBXBuildFile; fileRef = 826814D92A4EF3EC00B9F57A /* PlanView.swift */; };
		826814F42A4EF3EC00B9F57A /* ContentView.swift in Sources */ = {isa = PBXBuildFile; fileRef = 826814DE2A4EF3EC00B9F57A /* ContentView.swift */; };
		826814F52A4EF3EC00B9F57A /* soundBackground.mp3 in Resources */ = {isa = PBXBuildFile; fileRef = 826814E02A4EF3EC00B9F57A /* soundBackground.mp3 */; };
		827CD7012A40327300672B92 /* loumeTests.swift in Sources */ = {isa = PBXBuildFile; fileRef = 827CD7002A40327300672B92 /* loumeTests.swift */; };
		827CD70B2A40327300672B92 /* loumeUITests.swift in Sources */ = {isa = PBXBuildFile; fileRef = 827CD70A2A40327300672B92 /* loumeUITests.swift */; };
		827CD70D2A40327300672B92 /* loumeUITestsLaunchTests.swift in Sources */ = {isa = PBXBuildFile; fileRef = 827CD70C2A40327300672B92 /* loumeUITestsLaunchTests.swift */; };
		82A5E36F2A5C1DA6005AF041 /* MyRoleModelView.swift in Sources */ = {isa = PBXBuildFile; fileRef = 82A5E36E2A5C1DA6005AF041 /* MyRoleModelView.swift */; };
		82A5E3712A5C1F8C005AF041 /* MyInterestView.swift in Sources */ = {isa = PBXBuildFile; fileRef = 82A5E3702A5C1F8C005AF041 /* MyInterestView.swift */; };
		82A5E3732A5C1FA0005AF041 /* MyWeaknessView.swift in Sources */ = {isa = PBXBuildFile; fileRef = 82A5E3722A5C1FA0005AF041 /* MyWeaknessView.swift */; };
		82A5E3752A5C1FB8005AF041 /* MyGoalObstacles.swift in Sources */ = {isa = PBXBuildFile; fileRef = 82A5E3742A5C1FB8005AF041 /* MyGoalObstacles.swift */; };
		82A5E3772A5C1FC4005AF041 /* MyStrengthsView.swift in Sources */ = {isa = PBXBuildFile; fileRef = 82A5E3762A5C1FC4005AF041 /* MyStrengthsView.swift */; };
		82A5E3792A5C5F98005AF041 /* SummaryResultCard.swift in Sources */ = {isa = PBXBuildFile; fileRef = 82A5E3782A5C5F98005AF041 /* SummaryResultCard.swift */; };
		82A5E37B2A5C7DFD005AF041 /* UpdateButton.swift in Sources */ = {isa = PBXBuildFile; fileRef = 82A5E37A2A5C7DFD005AF041 /* UpdateButton.swift */; };
		82A7548B2A52C331004501A3 /* SummaryView.swift in Sources */ = {isa = PBXBuildFile; fileRef = 82A7548A2A52C331004501A3 /* SummaryView.swift */; };
		82A7548D2A52C3E0004501A3 /* IntroductionView.swift in Sources */ = {isa = PBXBuildFile; fileRef = 82A7548C2A52C3E0004501A3 /* IntroductionView.swift */; };
		82A7548F2A52C419004501A3 /* RolePromptView.swift in Sources */ = {isa = PBXBuildFile; fileRef = 82A7548E2A52C419004501A3 /* RolePromptView.swift */; };
/* End PBXBuildFile section */

/* Begin PBXContainerItemProxy section */
		827CD6FD2A40327300672B92 /* PBXContainerItemProxy */ = {
			isa = PBXContainerItemProxy;
			containerPortal = 827CD6DF2A40327100672B92 /* Project object */;
			proxyType = 1;
			remoteGlobalIDString = 827CD6E62A40327100672B92;
			remoteInfo = comee;
		};
		827CD7072A40327300672B92 /* PBXContainerItemProxy */ = {
			isa = PBXContainerItemProxy;
			containerPortal = 827CD6DF2A40327100672B92 /* Project object */;
			proxyType = 1;
			remoteGlobalIDString = 827CD6E62A40327100672B92;
			remoteInfo = comee;
		};
/* End PBXContainerItemProxy section */

/* Begin PBXFileReference section */
		0B08250D2A57C05400B87CC0 /* AppHeaderViewModel.swift */ = {isa = PBXFileReference; lastKnownFileType = sourcecode.swift; path = AppHeaderViewModel.swift; sourceTree = "<group>"; };
		0B08250F2A57CEE400B87CC0 /* ContentViewModel.swift */ = {isa = PBXFileReference; lastKnownFileType = sourcecode.swift; path = ContentViewModel.swift; sourceTree = "<group>"; };
		0B0825112A57D7B500B87CC0 /* ModalView.swift */ = {isa = PBXFileReference; lastKnownFileType = sourcecode.swift; path = ModalView.swift; sourceTree = "<group>"; };
		0B0825132A57DC5400B87CC0 /* CircularButtonViewModel.swift */ = {isa = PBXFileReference; lastKnownFileType = sourcecode.swift; path = CircularButtonViewModel.swift; sourceTree = "<group>"; };
		0B0825152A57E26000B87CC0 /* ModalViewModal.swift */ = {isa = PBXFileReference; lastKnownFileType = sourcecode.swift; path = ModalViewModal.swift; sourceTree = "<group>"; };
		0B0825172A57E68C00B87CC0 /* GoalRowView.swift */ = {isa = PBXFileReference; lastKnownFileType = sourcecode.swift; path = GoalRowView.swift; sourceTree = "<group>"; };
		0B0825192A57FAA500B87CC0 /* PlanRowView.swift */ = {isa = PBXFileReference; lastKnownFileType = sourcecode.swift; path = PlanRowView.swift; sourceTree = "<group>"; };
		0B43EC352A56A63100B84D7E /* EmptyStateView.swift */ = {isa = PBXFileReference; lastKnownFileType = sourcecode.swift; path = EmptyStateView.swift; sourceTree = "<group>"; };
		0B474ADE2A5D3A7D00113E27 /* CoreDataManager.swift */ = {isa = PBXFileReference; lastKnownFileType = sourcecode.swift; path = CoreDataManager.swift; sourceTree = "<group>"; };
		0B474AE12A5D3B0900113E27 /* GoalListCoreDataViewModel.swift */ = {isa = PBXFileReference; lastKnownFileType = sourcecode.swift; path = GoalListCoreDataViewModel.swift; sourceTree = "<group>"; };
		0B474AE32A5D3B3100113E27 /* UserListCoreDataViewModel.swift */ = {isa = PBXFileReference; lastKnownFileType = sourcecode.swift; path = UserListCoreDataViewModel.swift; sourceTree = "<group>"; };
		0B474AE52A5D3B4A00113E27 /* PlanListCoreDataViewModel.swift */ = {isa = PBXFileReference; lastKnownFileType = sourcecode.swift; path = PlanListCoreDataViewModel.swift; sourceTree = "<group>"; };
		0B474AE72A5D3B5F00113E27 /* SubPlanListCoreDataViewModel.swift */ = {isa = PBXFileReference; lastKnownFileType = sourcecode.swift; path = SubPlanListCoreDataViewModel.swift; sourceTree = "<group>"; };
		0B474AE92A5D3B7700113E27 /* ViewModel.swift */ = {isa = PBXFileReference; lastKnownFileType = sourcecode.swift; path = ViewModel.swift; sourceTree = "<group>"; };
		0B474AEB2A5D48E700113E27 /* LoveListCoreDataViewModel.swift */ = {isa = PBXFileReference; lastKnownFileType = sourcecode.swift; path = LoveListCoreDataViewModel.swift; sourceTree = "<group>"; };
		0B474AED2A5D7B8300113E27 /* RoleModelStrengthListCoreDataViewModel.swift */ = {isa = PBXFileReference; lastKnownFileType = sourcecode.swift; path = RoleModelStrengthListCoreDataViewModel.swift; sourceTree = "<group>"; };
		82441ED12A582B4D007EFD6E /* SimilarStrengthNo.swift */ = {isa = PBXFileReference; fileEncoding = 4; lastKnownFileType = sourcecode.swift; path = SimilarStrengthNo.swift; sourceTree = "<group>"; };
		82441ED22A582B4D007EFD6E /* SimilarStrengthYes.swift */ = {isa = PBXFileReference; fileEncoding = 4; lastKnownFileType = sourcecode.swift; path = SimilarStrengthYes.swift; sourceTree = "<group>"; };
		82441ED32A582B4D007EFD6E /* StrengthOut.swift */ = {isa = PBXFileReference; fileEncoding = 4; lastKnownFileType = sourcecode.swift; path = StrengthOut.swift; sourceTree = "<group>"; };
		82441ED42A582B4D007EFD6E /* ConfidentView.swift */ = {isa = PBXFileReference; fileEncoding = 4; lastKnownFileType = sourcecode.swift; path = ConfidentView.swift; sourceTree = "<group>"; };
		82441ED52A582B4D007EFD6E /* ObstaclesView.swift */ = {isa = PBXFileReference; fileEncoding = 4; lastKnownFileType = sourcecode.swift; path = ObstaclesView.swift; sourceTree = "<group>"; };
		82441ED62A582B4D007EFD6E /* AfterObstacleView.swift */ = {isa = PBXFileReference; fileEncoding = 4; lastKnownFileType = sourcecode.swift; path = AfterObstacleView.swift; sourceTree = "<group>"; };
		82441ED72A582B4D007EFD6E /* InterestView.swift */ = {isa = PBXFileReference; fileEncoding = 4; lastKnownFileType = sourcecode.swift; path = InterestView.swift; sourceTree = "<group>"; };
		82441ED82A582B4D007EFD6E /* QuestionView2.swift */ = {isa = PBXFileReference; fileEncoding = 4; lastKnownFileType = sourcecode.swift; path = QuestionView2.swift; sourceTree = "<group>"; };
		82441ED92A582B4E007EFD6E /* AfterObstacle2View.swift */ = {isa = PBXFileReference; fileEncoding = 4; lastKnownFileType = sourcecode.swift; path = AfterObstacle2View.swift; sourceTree = "<group>"; };
		82441EDA2A582B4E007EFD6E /* QuestionView1.swift */ = {isa = PBXFileReference; fileEncoding = 4; lastKnownFileType = sourcecode.swift; path = QuestionView1.swift; sourceTree = "<group>"; };
		82441EDB2A582B4E007EFD6E /* RoleModelView.swift */ = {isa = PBXFileReference; fileEncoding = 4; lastKnownFileType = sourcecode.swift; path = RoleModelView.swift; sourceTree = "<group>"; };
		82441EDC2A582B4E007EFD6E /* AfterQuestion1View.swift */ = {isa = PBXFileReference; fileEncoding = 4; lastKnownFileType = sourcecode.swift; path = AfterQuestion1View.swift; sourceTree = "<group>"; };
		82441EDD2A582B4E007EFD6E /* IntroView.swift */ = {isa = PBXFileReference; fileEncoding = 4; lastKnownFileType = sourcecode.swift; path = IntroView.swift; sourceTree = "<group>"; };
		82441EDE2A582B4E007EFD6E /* MyStrengthView.swift */ = {isa = PBXFileReference; fileEncoding = 4; lastKnownFileType = sourcecode.swift; path = MyStrengthView.swift; sourceTree = "<group>"; };
		82441EE02A582B4E007EFD6E /* RoleModelSimilarStrengthView.swift */ = {isa = PBXFileReference; fileEncoding = 4; lastKnownFileType = sourcecode.swift; path = RoleModelSimilarStrengthView.swift; sourceTree = "<group>"; };
		82441EE12A582B4E007EFD6E /* InterestPromiseView.swift */ = {isa = PBXFileReference; fileEncoding = 4; lastKnownFileType = sourcecode.swift; path = InterestPromiseView.swift; sourceTree = "<group>"; };
		82441EE22A582B4E007EFD6E /* SetupProject.swift */ = {isa = PBXFileReference; fileEncoding = 4; lastKnownFileType = sourcecode.swift; path = SetupProject.swift; sourceTree = "<group>"; };
		82441EE32A582B4E007EFD6E /* InterestSelectedView.swift */ = {isa = PBXFileReference; fileEncoding = 4; lastKnownFileType = sourcecode.swift; path = InterestSelectedView.swift; sourceTree = "<group>"; };
		8247BDDA2A5DCF3D000C8FCB /* SecondaryButton.swift */ = {isa = PBXFileReference; lastKnownFileType = sourcecode.swift; path = SecondaryButton.swift; sourceTree = "<group>"; };
		826814C32A4EF3EC00B9F57A /* comee.xcdatamodel */ = {isa = PBXFileReference; lastKnownFileType = wrapper.xcdatamodel; path = comee.xcdatamodel; sourceTree = "<group>"; };
		826814C52A4EF3EC00B9F57A /* StoryBoardViewModel.swift */ = {isa = PBXFileReference; fileEncoding = 4; lastKnownFileType = sourcecode.swift; path = StoryBoardViewModel.swift; sourceTree = "<group>"; };
		826814C72A4EF3EC00B9F57A /* Assets.xcassets */ = {isa = PBXFileReference; lastKnownFileType = folder.assetcatalog; path = Assets.xcassets; sourceTree = "<group>"; };
		826814CA2A4EF3EC00B9F57A /* SoundManager.swift */ = {isa = PBXFileReference; fileEncoding = 4; lastKnownFileType = sourcecode.swift; path = SoundManager.swift; sourceTree = "<group>"; };
		826814CF2A4EF3EC00B9F57A /* Preview Assets.xcassets */ = {isa = PBXFileReference; lastKnownFileType = folder.assetcatalog; path = "Preview Assets.xcassets"; sourceTree = "<group>"; };
		826814D02A4EF3EC00B9F57A /* loumeApp.swift */ = {isa = PBXFileReference; fileEncoding = 4; lastKnownFileType = sourcecode.swift; path = loumeApp.swift; sourceTree = "<group>"; };
		826814D22A4EF3EC00B9F57A /* AppHeader.swift */ = {isa = PBXFileReference; fileEncoding = 4; lastKnownFileType = sourcecode.swift; path = AppHeader.swift; sourceTree = "<group>"; };
		826814D42A4EF3EC00B9F57A /* PrimaryButton.swift */ = {isa = PBXFileReference; fileEncoding = 4; lastKnownFileType = sourcecode.swift; path = PrimaryButton.swift; sourceTree = "<group>"; };
		826814D52A4EF3EC00B9F57A /* CreateButton.swift */ = {isa = PBXFileReference; fileEncoding = 4; lastKnownFileType = sourcecode.swift; path = CreateButton.swift; sourceTree = "<group>"; };
		826814D82A4EF3EC00B9F57A /* GoalView.swift */ = {isa = PBXFileReference; fileEncoding = 4; lastKnownFileType = sourcecode.swift; path = GoalView.swift; sourceTree = "<group>"; };
		826814D92A4EF3EC00B9F57A /* PlanView.swift */ = {isa = PBXFileReference; fileEncoding = 4; lastKnownFileType = sourcecode.swift; path = PlanView.swift; sourceTree = "<group>"; };
		826814DE2A4EF3EC00B9F57A /* ContentView.swift */ = {isa = PBXFileReference; fileEncoding = 4; lastKnownFileType = sourcecode.swift; path = ContentView.swift; sourceTree = "<group>"; };
		826814E02A4EF3EC00B9F57A /* soundBackground.mp3 */ = {isa = PBXFileReference; lastKnownFileType = audio.mp3; path = soundBackground.mp3; sourceTree = "<group>"; };
		827CD6E72A40327100672B92 /* loume.app */ = {isa = PBXFileReference; explicitFileType = wrapper.application; includeInIndex = 0; path = loume.app; sourceTree = BUILT_PRODUCTS_DIR; };
		827CD6FC2A40327300672B92 /* loumeTests.xctest */ = {isa = PBXFileReference; explicitFileType = wrapper.cfbundle; includeInIndex = 0; path = loumeTests.xctest; sourceTree = BUILT_PRODUCTS_DIR; };
		827CD7002A40327300672B92 /* loumeTests.swift */ = {isa = PBXFileReference; lastKnownFileType = sourcecode.swift; path = loumeTests.swift; sourceTree = "<group>"; };
		827CD7062A40327300672B92 /* loumeUITests.xctest */ = {isa = PBXFileReference; explicitFileType = wrapper.cfbundle; includeInIndex = 0; path = loumeUITests.xctest; sourceTree = BUILT_PRODUCTS_DIR; };
		827CD70A2A40327300672B92 /* loumeUITests.swift */ = {isa = PBXFileReference; lastKnownFileType = sourcecode.swift; path = loumeUITests.swift; sourceTree = "<group>"; };
		827CD70C2A40327300672B92 /* loumeUITestsLaunchTests.swift */ = {isa = PBXFileReference; lastKnownFileType = sourcecode.swift; path = loumeUITestsLaunchTests.swift; sourceTree = "<group>"; };
		82A5E36E2A5C1DA6005AF041 /* MyRoleModelView.swift */ = {isa = PBXFileReference; lastKnownFileType = sourcecode.swift; path = MyRoleModelView.swift; sourceTree = "<group>"; };
		82A5E3702A5C1F8C005AF041 /* MyInterestView.swift */ = {isa = PBXFileReference; lastKnownFileType = sourcecode.swift; path = MyInterestView.swift; sourceTree = "<group>"; };
		82A5E3722A5C1FA0005AF041 /* MyWeaknessView.swift */ = {isa = PBXFileReference; lastKnownFileType = sourcecode.swift; path = MyWeaknessView.swift; sourceTree = "<group>"; };
		82A5E3742A5C1FB8005AF041 /* MyGoalObstacles.swift */ = {isa = PBXFileReference; lastKnownFileType = sourcecode.swift; path = MyGoalObstacles.swift; sourceTree = "<group>"; };
		82A5E3762A5C1FC4005AF041 /* MyStrengthsView.swift */ = {isa = PBXFileReference; lastKnownFileType = sourcecode.swift; path = MyStrengthsView.swift; sourceTree = "<group>"; };
		82A5E3782A5C5F98005AF041 /* SummaryResultCard.swift */ = {isa = PBXFileReference; lastKnownFileType = sourcecode.swift; path = SummaryResultCard.swift; sourceTree = "<group>"; };
		82A5E37A2A5C7DFD005AF041 /* UpdateButton.swift */ = {isa = PBXFileReference; lastKnownFileType = sourcecode.swift; path = UpdateButton.swift; sourceTree = "<group>"; };
		82A7548A2A52C331004501A3 /* SummaryView.swift */ = {isa = PBXFileReference; lastKnownFileType = sourcecode.swift; path = SummaryView.swift; sourceTree = "<group>"; };
		82A7548C2A52C3E0004501A3 /* IntroductionView.swift */ = {isa = PBXFileReference; lastKnownFileType = sourcecode.swift; path = IntroductionView.swift; sourceTree = "<group>"; };
		82A7548E2A52C419004501A3 /* RolePromptView.swift */ = {isa = PBXFileReference; lastKnownFileType = sourcecode.swift; path = RolePromptView.swift; sourceTree = "<group>"; };
/* End PBXFileReference section */

/* Begin PBXFrameworksBuildPhase section */
		827CD6E42A40327100672B92 /* Frameworks */ = {
			isa = PBXFrameworksBuildPhase;
			buildActionMask = 2147483647;
			files = (
			);
			runOnlyForDeploymentPostprocessing = 0;
		};
		827CD6F92A40327300672B92 /* Frameworks */ = {
			isa = PBXFrameworksBuildPhase;
			buildActionMask = 2147483647;
			files = (
			);
			runOnlyForDeploymentPostprocessing = 0;
		};
		827CD7032A40327300672B92 /* Frameworks */ = {
			isa = PBXFrameworksBuildPhase;
			buildActionMask = 2147483647;
			files = (
			);
			runOnlyForDeploymentPostprocessing = 0;
		};
/* End PBXFrameworksBuildPhase section */

/* Begin PBXGroup section */
		0B474AE02A5D3AF200113E27 /* CoreDataViewModels */ = {
			isa = PBXGroup;
			children = (
				0B474AE12A5D3B0900113E27 /* GoalListCoreDataViewModel.swift */,
				0B474AE32A5D3B3100113E27 /* UserListCoreDataViewModel.swift */,
				0B474AE52A5D3B4A00113E27 /* PlanListCoreDataViewModel.swift */,
				0B474AE72A5D3B5F00113E27 /* SubPlanListCoreDataViewModel.swift */,
				0B474AEB2A5D48E700113E27 /* LoveListCoreDataViewModel.swift */,
				0B474AED2A5D7B8300113E27 /* RoleModelStrengthListCoreDataViewModel.swift */,
			);
			path = CoreDataViewModels;
			sourceTree = "<group>";
		};
		826814C12A4EF3EC00B9F57A /* loume */ = {
			isa = PBXGroup;
			children = (
				826814C72A4EF3EC00B9F57A /* Assets.xcassets */,
				826814DE2A4EF3EC00B9F57A /* ContentView.swift */,
				826814DF2A4EF3EC00B9F57A /* Helpers */,
				826814C22A4EF3EC00B9F57A /* loume.xcdatamodeld */,
				826814D02A4EF3EC00B9F57A /* loumeApp.swift */,
				826814C82A4EF3EC00B9F57A /* Models */,
				826814CE2A4EF3EC00B9F57A /* Preview Content */,
				826814C42A4EF3EC00B9F57A /* ViewModels */,
				826814D12A4EF3EC00B9F57A /* Views */,
			);
			path = loume;
			sourceTree = "<group>";
		};
		826814C42A4EF3EC00B9F57A /* ViewModels */ = {
			isa = PBXGroup;
			children = (
				0B474AE02A5D3AF200113E27 /* CoreDataViewModels */,
				826814C52A4EF3EC00B9F57A /* StoryBoardViewModel.swift */,
				0B08250D2A57C05400B87CC0 /* AppHeaderViewModel.swift */,
				0B08250F2A57CEE400B87CC0 /* ContentViewModel.swift */,
				0B0825132A57DC5400B87CC0 /* CircularButtonViewModel.swift */,
				0B0825152A57E26000B87CC0 /* ModalViewModal.swift */,
				0B474AE92A5D3B7700113E27 /* ViewModel.swift */,
			);
			path = ViewModels;
			sourceTree = "<group>";
		};
		826814C82A4EF3EC00B9F57A /* Models */ = {
			isa = PBXGroup;
			children = (
				826814CA2A4EF3EC00B9F57A /* SoundManager.swift */,
			);
			path = Models;
			sourceTree = "<group>";
		};
		826814CE2A4EF3EC00B9F57A /* Preview Content */ = {
			isa = PBXGroup;
			children = (
				826814CF2A4EF3EC00B9F57A /* Preview Assets.xcassets */,
			);
			path = "Preview Content";
			sourceTree = "<group>";
		};
		826814D12A4EF3EC00B9F57A /* Views */ = {
			isa = PBXGroup;
			children = (
				826814D32A4EF3EC00B9F57A /* Components */,
				82A754892A52C2F0004501A3 /* TrackingPlanView */,
				82A754882A52C25A004501A3 /* SummaryView */,
				826814DA2A4EF3EC00B9F57A /* StoryBoardView */,
			);
			path = Views;
			sourceTree = "<group>";
		};
		826814D32A4EF3EC00B9F57A /* Components */ = {
			isa = PBXGroup;
			children = (
				826814D22A4EF3EC00B9F57A /* AppHeader.swift */,
				826814D42A4EF3EC00B9F57A /* PrimaryButton.swift */,
				826814D52A4EF3EC00B9F57A /* CreateButton.swift */,
				0B43EC352A56A63100B84D7E /* EmptyStateView.swift */,
				0B0825112A57D7B500B87CC0 /* ModalView.swift */,
				0B0825172A57E68C00B87CC0 /* GoalRowView.swift */,
				0B0825192A57FAA500B87CC0 /* PlanRowView.swift */,
				82A5E3782A5C5F98005AF041 /* SummaryResultCard.swift */,
				82A5E37A2A5C7DFD005AF041 /* UpdateButton.swift */,
				8247BDDA2A5DCF3D000C8FCB /* SecondaryButton.swift */,
			);
			path = Components;
			sourceTree = "<group>";
		};
		826814DA2A4EF3EC00B9F57A /* StoryBoardView */ = {
			isa = PBXGroup;
			children = (
				82441EE22A582B4E007EFD6E /* SetupProject.swift */,
				82441EDD2A582B4E007EFD6E /* IntroView.swift */,
				82441ED72A582B4D007EFD6E /* InterestView.swift */,
				82441EE32A582B4E007EFD6E /* InterestSelectedView.swift */,
				82441EDB2A582B4E007EFD6E /* RoleModelView.swift */,
				82441EE02A582B4E007EFD6E /* RoleModelSimilarStrengthView.swift */,
				82441ED22A582B4D007EFD6E /* SimilarStrengthYes.swift */,
				82441ED12A582B4D007EFD6E /* SimilarStrengthNo.swift */,
				82441ED32A582B4D007EFD6E /* StrengthOut.swift */,
				82441EDA2A582B4E007EFD6E /* QuestionView1.swift */,
				82441EDC2A582B4E007EFD6E /* AfterQuestion1View.swift */,
				82441ED82A582B4D007EFD6E /* QuestionView2.swift */,
				82441EE12A582B4E007EFD6E /* InterestPromiseView.swift */,
				82441ED92A582B4E007EFD6E /* AfterObstacle2View.swift */,
				82441ED62A582B4D007EFD6E /* AfterObstacleView.swift */,
				82441ED42A582B4D007EFD6E /* ConfidentView.swift */,
				82441EDE2A582B4E007EFD6E /* MyStrengthView.swift */,
				82441ED52A582B4D007EFD6E /* ObstaclesView.swift */,
				82A7548C2A52C3E0004501A3 /* IntroductionView.swift */,
				82A7548E2A52C419004501A3 /* RolePromptView.swift */,
			);
			path = StoryBoardView;
			sourceTree = "<group>";
		};
		826814DF2A4EF3EC00B9F57A /* Helpers */ = {
			isa = PBXGroup;
			children = (
				826814E02A4EF3EC00B9F57A /* soundBackground.mp3 */,
				0B474ADE2A5D3A7D00113E27 /* CoreDataManager.swift */,
			);
			path = Helpers;
			sourceTree = "<group>";
		};
		827CD6DE2A40327100672B92 = {
			isa = PBXGroup;
			children = (
				826814C12A4EF3EC00B9F57A /* loume */,
				827CD6FF2A40327300672B92 /* loumeTests */,
				827CD7092A40327300672B92 /* loumeUITests */,
				827CD6E82A40327100672B92 /* Products */,
			);
			sourceTree = "<group>";
		};
		827CD6E82A40327100672B92 /* Products */ = {
			isa = PBXGroup;
			children = (
				827CD6E72A40327100672B92 /* loume.app */,
				827CD6FC2A40327300672B92 /* loumeTests.xctest */,
				827CD7062A40327300672B92 /* loumeUITests.xctest */,
			);
			name = Products;
			sourceTree = "<group>";
		};
		827CD6FF2A40327300672B92 /* loumeTests */ = {
			isa = PBXGroup;
			children = (
				827CD7002A40327300672B92 /* loumeTests.swift */,
			);
			path = loumeTests;
			sourceTree = "<group>";
		};
		827CD7092A40327300672B92 /* loumeUITests */ = {
			isa = PBXGroup;
			children = (
				827CD70A2A40327300672B92 /* loumeUITests.swift */,
				827CD70C2A40327300672B92 /* loumeUITestsLaunchTests.swift */,
			);
			path = loumeUITests;
			sourceTree = "<group>";
		};
		82A754882A52C25A004501A3 /* SummaryView */ = {
			isa = PBXGroup;
			children = (
				82A7548A2A52C331004501A3 /* SummaryView.swift */,
				82A5E36E2A5C1DA6005AF041 /* MyRoleModelView.swift */,
				82A5E3702A5C1F8C005AF041 /* MyInterestView.swift */,
				82A5E3722A5C1FA0005AF041 /* MyWeaknessView.swift */,
				82A5E3742A5C1FB8005AF041 /* MyGoalObstacles.swift */,
				82A5E3762A5C1FC4005AF041 /* MyStrengthsView.swift */,
			);
			path = SummaryView;
			sourceTree = "<group>";
		};
		82A754892A52C2F0004501A3 /* TrackingPlanView */ = {
			isa = PBXGroup;
			children = (
				826814D82A4EF3EC00B9F57A /* GoalView.swift */,
				826814D92A4EF3EC00B9F57A /* PlanView.swift */,
			);
			path = TrackingPlanView;
			sourceTree = "<group>";
		};
/* End PBXGroup section */

/* Begin PBXNativeTarget section */
		827CD6E62A40327100672B92 /* loume */ = {
			isa = PBXNativeTarget;
			buildConfigurationList = 827CD7102A40327300672B92 /* Build configuration list for PBXNativeTarget "loume" */;
			buildPhases = (
				827CD6E32A40327100672B92 /* Sources */,
				827CD6E42A40327100672B92 /* Frameworks */,
				827CD6E52A40327100672B92 /* Resources */,
			);
			buildRules = (
			);
			dependencies = (
			);
			name = loume;
			productName = comee;
			productReference = 827CD6E72A40327100672B92 /* loume.app */;
			productType = "com.apple.product-type.application";
		};
		827CD6FB2A40327300672B92 /* loumeTests */ = {
			isa = PBXNativeTarget;
			buildConfigurationList = 827CD7132A40327300672B92 /* Build configuration list for PBXNativeTarget "loumeTests" */;
			buildPhases = (
				827CD6F82A40327300672B92 /* Sources */,
				827CD6F92A40327300672B92 /* Frameworks */,
				827CD6FA2A40327300672B92 /* Resources */,
			);
			buildRules = (
			);
			dependencies = (
				827CD6FE2A40327300672B92 /* PBXTargetDependency */,
			);
			name = loumeTests;
			productName = comeeTests;
			productReference = 827CD6FC2A40327300672B92 /* loumeTests.xctest */;
			productType = "com.apple.product-type.bundle.unit-test";
		};
		827CD7052A40327300672B92 /* loumeUITests */ = {
			isa = PBXNativeTarget;
			buildConfigurationList = 827CD7162A40327300672B92 /* Build configuration list for PBXNativeTarget "loumeUITests" */;
			buildPhases = (
				827CD7022A40327300672B92 /* Sources */,
				827CD7032A40327300672B92 /* Frameworks */,
				827CD7042A40327300672B92 /* Resources */,
			);
			buildRules = (
			);
			dependencies = (
				827CD7082A40327300672B92 /* PBXTargetDependency */,
			);
			name = loumeUITests;
			productName = comeeUITests;
			productReference = 827CD7062A40327300672B92 /* loumeUITests.xctest */;
			productType = "com.apple.product-type.bundle.ui-testing";
		};
/* End PBXNativeTarget section */

/* Begin PBXProject section */
		827CD6DF2A40327100672B92 /* Project object */ = {
			isa = PBXProject;
			attributes = {
				BuildIndependentTargetsInParallel = 1;
				LastSwiftUpdateCheck = 1430;
				LastUpgradeCheck = 1430;
				TargetAttributes = {
					827CD6E62A40327100672B92 = {
						CreatedOnToolsVersion = 14.3.1;
					};
					827CD6FB2A40327300672B92 = {
						CreatedOnToolsVersion = 14.3.1;
						TestTargetID = 827CD6E62A40327100672B92;
					};
					827CD7052A40327300672B92 = {
						CreatedOnToolsVersion = 14.3.1;
						TestTargetID = 827CD6E62A40327100672B92;
					};
				};
			};
			buildConfigurationList = 827CD6E22A40327100672B92 /* Build configuration list for PBXProject "loume" */;
			compatibilityVersion = "Xcode 14.0";
			developmentRegion = en;
			hasScannedForEncodings = 0;
			knownRegions = (
				en,
				Base,
			);
			mainGroup = 827CD6DE2A40327100672B92;
			productRefGroup = 827CD6E82A40327100672B92 /* Products */;
			projectDirPath = "";
			projectRoot = "";
			targets = (
				827CD6E62A40327100672B92 /* loume */,
				827CD6FB2A40327300672B92 /* loumeTests */,
				827CD7052A40327300672B92 /* loumeUITests */,
			);
		};
/* End PBXProject section */

/* Begin PBXResourcesBuildPhase section */
		827CD6E52A40327100672B92 /* Resources */ = {
			isa = PBXResourcesBuildPhase;
			buildActionMask = 2147483647;
			files = (
				826814EA2A4EF3EC00B9F57A /* Preview Assets.xcassets in Resources */,
				826814E42A4EF3EC00B9F57A /* Assets.xcassets in Resources */,
				826814F52A4EF3EC00B9F57A /* soundBackground.mp3 in Resources */,
			);
			runOnlyForDeploymentPostprocessing = 0;
		};
		827CD6FA2A40327300672B92 /* Resources */ = {
			isa = PBXResourcesBuildPhase;
			buildActionMask = 2147483647;
			files = (
			);
			runOnlyForDeploymentPostprocessing = 0;
		};
		827CD7042A40327300672B92 /* Resources */ = {
			isa = PBXResourcesBuildPhase;
			buildActionMask = 2147483647;
			files = (
			);
			runOnlyForDeploymentPostprocessing = 0;
		};
/* End PBXResourcesBuildPhase section */

/* Begin PBXSourcesBuildPhase section */
		827CD6E32A40327100672B92 /* Sources */ = {
			isa = PBXSourcesBuildPhase;
			buildActionMask = 2147483647;
			files = (
				0B0825122A57D7B500B87CC0 /* ModalView.swift in Sources */,
				8247BDDB2A5DCF3D000C8FCB /* SecondaryButton.swift in Sources */,
				82441EF32A582B4E007EFD6E /* RoleModelSimilarStrengthView.swift in Sources */,
				82441EEF2A582B4E007EFD6E /* AfterQuestion1View.swift in Sources */,
				82441EEA2A582B4E007EFD6E /* InterestView.swift in Sources */,
				826814ED2A4EF3EC00B9F57A /* PrimaryButton.swift in Sources */,
				826814EB2A4EF3EC00B9F57A /* loumeApp.swift in Sources */,
				826814EC2A4EF3EC00B9F57A /* AppHeader.swift in Sources */,
				0B474AEE2A5D7B8300113E27 /* RoleModelStrengthListCoreDataViewModel.swift in Sources */,
				82441EF12A582B4E007EFD6E /* MyStrengthView.swift in Sources */,
				0B08251A2A57FAA500B87CC0 /* PlanRowView.swift in Sources */,
				0B0825182A57E68C00B87CC0 /* GoalRowView.swift in Sources */,
				82A5E3712A5C1F8C005AF041 /* MyInterestView.swift in Sources */,
				0B43EC362A56A63100B84D7E /* EmptyStateView.swift in Sources */,
				82441EE82A582B4E007EFD6E /* ObstaclesView.swift in Sources */,
				82A5E37B2A5C7DFD005AF041 /* UpdateButton.swift in Sources */,
				82441EE62A582B4E007EFD6E /* StrengthOut.swift in Sources */,
				82441EEC2A582B4E007EFD6E /* AfterObstacle2View.swift in Sources */,
				826814F12A4EF3EC00B9F57A /* PlanView.swift in Sources */,
				82441EE92A582B4E007EFD6E /* AfterObstacleView.swift in Sources */,
				82A7548F2A52C419004501A3 /* RolePromptView.swift in Sources */,
				82441EF02A582B4E007EFD6E /* IntroView.swift in Sources */,
				82441EF42A582B4E007EFD6E /* InterestPromiseView.swift in Sources */,
				0B474AE82A5D3B5F00113E27 /* SubPlanListCoreDataViewModel.swift in Sources */,
				0B474AE42A5D3B3100113E27 /* UserListCoreDataViewModel.swift in Sources */,
				82A5E36F2A5C1DA6005AF041 /* MyRoleModelView.swift in Sources */,
				82441EF62A582B4E007EFD6E /* InterestSelectedView.swift in Sources */,
				82441EE52A582B4E007EFD6E /* SimilarStrengthYes.swift in Sources */,
				826814E12A4EF3EC00B9F57A /* loume.xcdatamodeld in Sources */,
				826814E22A4EF3EC00B9F57A /* StoryBoardViewModel.swift in Sources */,
				0B474AE22A5D3B0900113E27 /* GoalListCoreDataViewModel.swift in Sources */,
				826814F02A4EF3EC00B9F57A /* GoalView.swift in Sources */,
				82A5E3752A5C1FB8005AF041 /* MyGoalObstacles.swift in Sources */,
				0B474AEA2A5D3B7700113E27 /* ViewModel.swift in Sources */,
				0B0825142A57DC5400B87CC0 /* CircularButtonViewModel.swift in Sources */,
				82441EE42A582B4E007EFD6E /* SimilarStrengthNo.swift in Sources */,
				82A5E3772A5C1FC4005AF041 /* MyStrengthsView.swift in Sources */,
				82A5E3792A5C5F98005AF041 /* SummaryResultCard.swift in Sources */,
				82441EF52A582B4E007EFD6E /* SetupProject.swift in Sources */,
				0B474AE62A5D3B4A00113E27 /* PlanListCoreDataViewModel.swift in Sources */,
				826814EE2A4EF3EC00B9F57A /* CreateButton.swift in Sources */,
				82441EEB2A582B4E007EFD6E /* QuestionView2.swift in Sources */,
				0B08250E2A57C05400B87CC0 /* AppHeaderViewModel.swift in Sources */,
				0B474AEC2A5D48E700113E27 /* LoveListCoreDataViewModel.swift in Sources */,
				0B474ADF2A5D3A7D00113E27 /* CoreDataManager.swift in Sources */,
				82441EE72A582B4E007EFD6E /* ConfidentView.swift in Sources */,
				82A7548D2A52C3E0004501A3 /* IntroductionView.swift in Sources */,
				82441EEE2A582B4E007EFD6E /* RoleModelView.swift in Sources */,
				826814F42A4EF3EC00B9F57A /* ContentView.swift in Sources */,
				82441EED2A582B4E007EFD6E /* QuestionView1.swift in Sources */,
				0B0825102A57CEE400B87CC0 /* ContentViewModel.swift in Sources */,
				0B0825162A57E26000B87CC0 /* ModalViewModal.swift in Sources */,
				826814E62A4EF3EC00B9F57A /* SoundManager.swift in Sources */,
				82A5E3732A5C1FA0005AF041 /* MyWeaknessView.swift in Sources */,
				82A7548B2A52C331004501A3 /* SummaryView.swift in Sources */,
			);
			runOnlyForDeploymentPostprocessing = 0;
		};
		827CD6F82A40327300672B92 /* Sources */ = {
			isa = PBXSourcesBuildPhase;
			buildActionMask = 2147483647;
			files = (
				827CD7012A40327300672B92 /* loumeTests.swift in Sources */,
			);
			runOnlyForDeploymentPostprocessing = 0;
		};
		827CD7022A40327300672B92 /* Sources */ = {
			isa = PBXSourcesBuildPhase;
			buildActionMask = 2147483647;
			files = (
				827CD70D2A40327300672B92 /* loumeUITestsLaunchTests.swift in Sources */,
				827CD70B2A40327300672B92 /* loumeUITests.swift in Sources */,
			);
			runOnlyForDeploymentPostprocessing = 0;
		};
/* End PBXSourcesBuildPhase section */

/* Begin PBXTargetDependency section */
		827CD6FE2A40327300672B92 /* PBXTargetDependency */ = {
			isa = PBXTargetDependency;
			target = 827CD6E62A40327100672B92 /* loume */;
			targetProxy = 827CD6FD2A40327300672B92 /* PBXContainerItemProxy */;
		};
		827CD7082A40327300672B92 /* PBXTargetDependency */ = {
			isa = PBXTargetDependency;
			target = 827CD6E62A40327100672B92 /* loume */;
			targetProxy = 827CD7072A40327300672B92 /* PBXContainerItemProxy */;
		};
/* End PBXTargetDependency section */

/* Begin XCBuildConfiguration section */
		827CD70E2A40327300672B92 /* Debug */ = {
			isa = XCBuildConfiguration;
			buildSettings = {
				ALWAYS_SEARCH_USER_PATHS = NO;
				CLANG_ANALYZER_NONNULL = YES;
				CLANG_ANALYZER_NUMBER_OBJECT_CONVERSION = YES_AGGRESSIVE;
				CLANG_CXX_LANGUAGE_STANDARD = "gnu++20";
				CLANG_ENABLE_MODULES = YES;
				CLANG_ENABLE_OBJC_ARC = YES;
				CLANG_ENABLE_OBJC_WEAK = YES;
				CLANG_WARN_BLOCK_CAPTURE_AUTORELEASING = YES;
				CLANG_WARN_BOOL_CONVERSION = YES;
				CLANG_WARN_COMMA = YES;
				CLANG_WARN_CONSTANT_CONVERSION = YES;
				CLANG_WARN_DEPRECATED_OBJC_IMPLEMENTATIONS = YES;
				CLANG_WARN_DIRECT_OBJC_ISA_USAGE = YES_ERROR;
				CLANG_WARN_DOCUMENTATION_COMMENTS = YES;
				CLANG_WARN_EMPTY_BODY = YES;
				CLANG_WARN_ENUM_CONVERSION = YES;
				CLANG_WARN_INFINITE_RECURSION = YES;
				CLANG_WARN_INT_CONVERSION = YES;
				CLANG_WARN_NON_LITERAL_NULL_CONVERSION = YES;
				CLANG_WARN_OBJC_IMPLICIT_RETAIN_SELF = YES;
				CLANG_WARN_OBJC_LITERAL_CONVERSION = YES;
				CLANG_WARN_OBJC_ROOT_CLASS = YES_ERROR;
				CLANG_WARN_QUOTED_INCLUDE_IN_FRAMEWORK_HEADER = YES;
				CLANG_WARN_RANGE_LOOP_ANALYSIS = YES;
				CLANG_WARN_STRICT_PROTOTYPES = YES;
				CLANG_WARN_SUSPICIOUS_MOVE = YES;
				CLANG_WARN_UNGUARDED_AVAILABILITY = YES_AGGRESSIVE;
				CLANG_WARN_UNREACHABLE_CODE = YES;
				CLANG_WARN__DUPLICATE_METHOD_MATCH = YES;
				COPY_PHASE_STRIP = NO;
				DEBUG_INFORMATION_FORMAT = dwarf;
				ENABLE_STRICT_OBJC_MSGSEND = YES;
				ENABLE_TESTABILITY = YES;
				GCC_C_LANGUAGE_STANDARD = gnu11;
				GCC_DYNAMIC_NO_PIC = NO;
				GCC_NO_COMMON_BLOCKS = YES;
				GCC_OPTIMIZATION_LEVEL = 0;
				GCC_PREPROCESSOR_DEFINITIONS = (
					"DEBUG=1",
					"$(inherited)",
				);
				GCC_WARN_64_TO_32_BIT_CONVERSION = YES;
				GCC_WARN_ABOUT_RETURN_TYPE = YES_ERROR;
				GCC_WARN_UNDECLARED_SELECTOR = YES;
				GCC_WARN_UNINITIALIZED_AUTOS = YES_AGGRESSIVE;
				GCC_WARN_UNUSED_FUNCTION = YES;
				GCC_WARN_UNUSED_VARIABLE = YES;
				IPHONEOS_DEPLOYMENT_TARGET = 16.4;
				MTL_ENABLE_DEBUG_INFO = INCLUDE_SOURCE;
				MTL_FAST_MATH = YES;
				ONLY_ACTIVE_ARCH = YES;
				SDKROOT = iphoneos;
				SWIFT_ACTIVE_COMPILATION_CONDITIONS = DEBUG;
				SWIFT_OPTIMIZATION_LEVEL = "-Onone";
			};
			name = Debug;
		};
		827CD70F2A40327300672B92 /* Release */ = {
			isa = XCBuildConfiguration;
			buildSettings = {
				ALWAYS_SEARCH_USER_PATHS = NO;
				CLANG_ANALYZER_NONNULL = YES;
				CLANG_ANALYZER_NUMBER_OBJECT_CONVERSION = YES_AGGRESSIVE;
				CLANG_CXX_LANGUAGE_STANDARD = "gnu++20";
				CLANG_ENABLE_MODULES = YES;
				CLANG_ENABLE_OBJC_ARC = YES;
				CLANG_ENABLE_OBJC_WEAK = YES;
				CLANG_WARN_BLOCK_CAPTURE_AUTORELEASING = YES;
				CLANG_WARN_BOOL_CONVERSION = YES;
				CLANG_WARN_COMMA = YES;
				CLANG_WARN_CONSTANT_CONVERSION = YES;
				CLANG_WARN_DEPRECATED_OBJC_IMPLEMENTATIONS = YES;
				CLANG_WARN_DIRECT_OBJC_ISA_USAGE = YES_ERROR;
				CLANG_WARN_DOCUMENTATION_COMMENTS = YES;
				CLANG_WARN_EMPTY_BODY = YES;
				CLANG_WARN_ENUM_CONVERSION = YES;
				CLANG_WARN_INFINITE_RECURSION = YES;
				CLANG_WARN_INT_CONVERSION = YES;
				CLANG_WARN_NON_LITERAL_NULL_CONVERSION = YES;
				CLANG_WARN_OBJC_IMPLICIT_RETAIN_SELF = YES;
				CLANG_WARN_OBJC_LITERAL_CONVERSION = YES;
				CLANG_WARN_OBJC_ROOT_CLASS = YES_ERROR;
				CLANG_WARN_QUOTED_INCLUDE_IN_FRAMEWORK_HEADER = YES;
				CLANG_WARN_RANGE_LOOP_ANALYSIS = YES;
				CLANG_WARN_STRICT_PROTOTYPES = YES;
				CLANG_WARN_SUSPICIOUS_MOVE = YES;
				CLANG_WARN_UNGUARDED_AVAILABILITY = YES_AGGRESSIVE;
				CLANG_WARN_UNREACHABLE_CODE = YES;
				CLANG_WARN__DUPLICATE_METHOD_MATCH = YES;
				COPY_PHASE_STRIP = NO;
				DEBUG_INFORMATION_FORMAT = "dwarf-with-dsym";
				ENABLE_NS_ASSERTIONS = NO;
				ENABLE_STRICT_OBJC_MSGSEND = YES;
				GCC_C_LANGUAGE_STANDARD = gnu11;
				GCC_NO_COMMON_BLOCKS = YES;
				GCC_WARN_64_TO_32_BIT_CONVERSION = YES;
				GCC_WARN_ABOUT_RETURN_TYPE = YES_ERROR;
				GCC_WARN_UNDECLARED_SELECTOR = YES;
				GCC_WARN_UNINITIALIZED_AUTOS = YES_AGGRESSIVE;
				GCC_WARN_UNUSED_FUNCTION = YES;
				GCC_WARN_UNUSED_VARIABLE = YES;
				IPHONEOS_DEPLOYMENT_TARGET = 16.4;
				MTL_ENABLE_DEBUG_INFO = NO;
				MTL_FAST_MATH = YES;
				SDKROOT = iphoneos;
				SWIFT_COMPILATION_MODE = wholemodule;
				SWIFT_OPTIMIZATION_LEVEL = "-O";
				VALIDATE_PRODUCT = YES;
			};
			name = Release;
		};
		827CD7112A40327300672B92 /* Debug */ = {
			isa = XCBuildConfiguration;
			buildSettings = {
				ASSETCATALOG_COMPILER_APPICON_NAME = AppIcon;
				ASSETCATALOG_COMPILER_GLOBAL_ACCENT_COLOR_NAME = AccentColor;
				CODE_SIGN_STYLE = Automatic;
				CURRENT_PROJECT_VERSION = 1;
				DEVELOPMENT_ASSET_PATHS = "\"loume/Preview Content\"";
				DEVELOPMENT_TEAM = Z8X59S7SCX;
				ENABLE_PREVIEWS = YES;
				GENERATE_INFOPLIST_FILE = YES;
				INFOPLIST_KEY_CFBundleDisplayName = loume;
				INFOPLIST_KEY_UIApplicationSceneManifest_Generation = YES;
				INFOPLIST_KEY_UIApplicationSupportsIndirectInputEvents = YES;
				INFOPLIST_KEY_UILaunchScreen_Generation = YES;
				INFOPLIST_KEY_UISupportedInterfaceOrientations_iPad = "UIInterfaceOrientationPortrait UIInterfaceOrientationPortraitUpsideDown UIInterfaceOrientationLandscapeLeft UIInterfaceOrientationLandscapeRight";
				INFOPLIST_KEY_UISupportedInterfaceOrientations_iPhone = "UIInterfaceOrientationPortrait UIInterfaceOrientationLandscapeLeft UIInterfaceOrientationLandscapeRight";
				LD_RUNPATH_SEARCH_PATHS = (
					"$(inherited)",
					"@executable_path/Frameworks",
				);
				MARKETING_VERSION = 1.0;
				PRODUCT_BUNDLE_IDENTIFIER = com.loume.loume;
				PRODUCT_NAME = "$(TARGET_NAME)";
				SWIFT_EMIT_LOC_STRINGS = YES;
				SWIFT_VERSION = 5.0;
				TARGETED_DEVICE_FAMILY = "1,2";
			};
			name = Debug;
		};
		827CD7122A40327300672B92 /* Release */ = {
			isa = XCBuildConfiguration;
			buildSettings = {
				ASSETCATALOG_COMPILER_APPICON_NAME = AppIcon;
				ASSETCATALOG_COMPILER_GLOBAL_ACCENT_COLOR_NAME = AccentColor;
				CODE_SIGN_STYLE = Automatic;
				CURRENT_PROJECT_VERSION = 1;
				DEVELOPMENT_ASSET_PATHS = "\"loume/Preview Content\"";
				DEVELOPMENT_TEAM = Z8X59S7SCX;
				ENABLE_PREVIEWS = YES;
				GENERATE_INFOPLIST_FILE = YES;
				INFOPLIST_KEY_CFBundleDisplayName = loume;
				INFOPLIST_KEY_UIApplicationSceneManifest_Generation = YES;
				INFOPLIST_KEY_UIApplicationSupportsIndirectInputEvents = YES;
				INFOPLIST_KEY_UILaunchScreen_Generation = YES;
				INFOPLIST_KEY_UISupportedInterfaceOrientations_iPad = "UIInterfaceOrientationPortrait UIInterfaceOrientationPortraitUpsideDown UIInterfaceOrientationLandscapeLeft UIInterfaceOrientationLandscapeRight";
				INFOPLIST_KEY_UISupportedInterfaceOrientations_iPhone = "UIInterfaceOrientationPortrait UIInterfaceOrientationLandscapeLeft UIInterfaceOrientationLandscapeRight";
				LD_RUNPATH_SEARCH_PATHS = (
					"$(inherited)",
					"@executable_path/Frameworks",
				);
				MARKETING_VERSION = 1.0;
				PRODUCT_BUNDLE_IDENTIFIER = com.loume.loume;
				PRODUCT_NAME = "$(TARGET_NAME)";
				SWIFT_EMIT_LOC_STRINGS = YES;
				SWIFT_VERSION = 5.0;
				TARGETED_DEVICE_FAMILY = "1,2";
			};
			name = Release;
		};
		827CD7142A40327300672B92 /* Debug */ = {
			isa = XCBuildConfiguration;
			buildSettings = {
				ALWAYS_EMBED_SWIFT_STANDARD_LIBRARIES = YES;
				BUNDLE_LOADER = "$(TEST_HOST)";
				CODE_SIGN_STYLE = Automatic;
				CURRENT_PROJECT_VERSION = 1;
				DEVELOPMENT_TEAM = Z8X59S7SCX;
				GENERATE_INFOPLIST_FILE = YES;
				IPHONEOS_DEPLOYMENT_TARGET = 16.4;
				MARKETING_VERSION = 1.0;
				PRODUCT_BUNDLE_IDENTIFIER = com.loume.loumeTests;
				PRODUCT_NAME = "$(TARGET_NAME)";
				SWIFT_EMIT_LOC_STRINGS = NO;
				SWIFT_VERSION = 5.0;
				TARGETED_DEVICE_FAMILY = "1,2";
				TEST_HOST = "$(BUILT_PRODUCTS_DIR)/loume.app/$(BUNDLE_EXECUTABLE_FOLDER_PATH)/loume";
			};
			name = Debug;
		};
		827CD7152A40327300672B92 /* Release */ = {
			isa = XCBuildConfiguration;
			buildSettings = {
				ALWAYS_EMBED_SWIFT_STANDARD_LIBRARIES = YES;
				BUNDLE_LOADER = "$(TEST_HOST)";
				CODE_SIGN_STYLE = Automatic;
				CURRENT_PROJECT_VERSION = 1;
				DEVELOPMENT_TEAM = Z8X59S7SCX;
				GENERATE_INFOPLIST_FILE = YES;
				IPHONEOS_DEPLOYMENT_TARGET = 16.4;
				MARKETING_VERSION = 1.0;
				PRODUCT_BUNDLE_IDENTIFIER = com.loume.loumeTests;
				PRODUCT_NAME = "$(TARGET_NAME)";
				SWIFT_EMIT_LOC_STRINGS = NO;
				SWIFT_VERSION = 5.0;
				TARGETED_DEVICE_FAMILY = "1,2";
				TEST_HOST = "$(BUILT_PRODUCTS_DIR)/loume.app/$(BUNDLE_EXECUTABLE_FOLDER_PATH)/loume";
			};
			name = Release;
		};
		827CD7172A40327300672B92 /* Debug */ = {
			isa = XCBuildConfiguration;
			buildSettings = {
				ALWAYS_EMBED_SWIFT_STANDARD_LIBRARIES = YES;
				CODE_SIGN_STYLE = Automatic;
				CURRENT_PROJECT_VERSION = 1;
				DEVELOPMENT_TEAM = Z8X59S7SCX;
				GENERATE_INFOPLIST_FILE = YES;
				MARKETING_VERSION = 1.0;
				PRODUCT_BUNDLE_IDENTIFIER = com.loume.loumeUITests;
				PRODUCT_NAME = "$(TARGET_NAME)";
				SWIFT_EMIT_LOC_STRINGS = NO;
				SWIFT_VERSION = 5.0;
				TARGETED_DEVICE_FAMILY = "1,2";
				TEST_TARGET_NAME = loume;
			};
			name = Debug;
		};
		827CD7182A40327300672B92 /* Release */ = {
			isa = XCBuildConfiguration;
			buildSettings = {
				ALWAYS_EMBED_SWIFT_STANDARD_LIBRARIES = YES;
				CODE_SIGN_STYLE = Automatic;
				CURRENT_PROJECT_VERSION = 1;
				DEVELOPMENT_TEAM = Z8X59S7SCX;
				GENERATE_INFOPLIST_FILE = YES;
				MARKETING_VERSION = 1.0;
				PRODUCT_BUNDLE_IDENTIFIER = com.loume.loumeUITests;
				PRODUCT_NAME = "$(TARGET_NAME)";
				SWIFT_EMIT_LOC_STRINGS = NO;
				SWIFT_VERSION = 5.0;
				TARGETED_DEVICE_FAMILY = "1,2";
				TEST_TARGET_NAME = loume;
			};
			name = Release;
		};
/* End XCBuildConfiguration section */

/* Begin XCConfigurationList section */
		827CD6E22A40327100672B92 /* Build configuration list for PBXProject "loume" */ = {
			isa = XCConfigurationList;
			buildConfigurations = (
				827CD70E2A40327300672B92 /* Debug */,
				827CD70F2A40327300672B92 /* Release */,
			);
			defaultConfigurationIsVisible = 0;
			defaultConfigurationName = Release;
		};
		827CD7102A40327300672B92 /* Build configuration list for PBXNativeTarget "loume" */ = {
			isa = XCConfigurationList;
			buildConfigurations = (
				827CD7112A40327300672B92 /* Debug */,
				827CD7122A40327300672B92 /* Release */,
			);
			defaultConfigurationIsVisible = 0;
			defaultConfigurationName = Release;
		};
		827CD7132A40327300672B92 /* Build configuration list for PBXNativeTarget "loumeTests" */ = {
			isa = XCConfigurationList;
			buildConfigurations = (
				827CD7142A40327300672B92 /* Debug */,
				827CD7152A40327300672B92 /* Release */,
			);
			defaultConfigurationIsVisible = 0;
			defaultConfigurationName = Release;
		};
		827CD7162A40327300672B92 /* Build configuration list for PBXNativeTarget "loumeUITests" */ = {
			isa = XCConfigurationList;
			buildConfigurations = (
				827CD7172A40327300672B92 /* Debug */,
				827CD7182A40327300672B92 /* Release */,
			);
			defaultConfigurationIsVisible = 0;
			defaultConfigurationName = Release;
		};
/* End XCConfigurationList section */

/* Begin XCVersionGroup section */
		826814C22A4EF3EC00B9F57A /* loume.xcdatamodeld */ = {
			isa = XCVersionGroup;
			children = (
				826814C32A4EF3EC00B9F57A /* comee.xcdatamodel */,
			);
			currentVersion = 826814C32A4EF3EC00B9F57A /* comee.xcdatamodel */;
			path = loume.xcdatamodeld;
			sourceTree = "<group>";
			versionGroupType = wrapper.xcdatamodel;
		};
/* End XCVersionGroup section */
	};
	rootObject = 827CD6DF2A40327100672B92 /* Project object */;
}
